
Microsoft Visual Studio Solution File, Format Version 12.00
# Visual Studio Version 16
VisualStudioVersion = 16.0.31410.357
MinimumVisualStudioVersion = 10.0.40219.1
Project("{FAE04EC0-301F-11D3-BF4B-00C04F79EFBC}") = "RelationMatrix", "RelationMatrix\RelationMatrix.csproj", "{BF5494F8-CDB2-4D58-A1A8-5F3176CB60C6}"
EndProject
Project("{FAE04EC0-301F-11D3-BF4B-00C04F79EFBC}") = "RelationMatrix_Winforms", "RelationMatrix_Winforms\RelationMatrix_Winforms.csproj", "{824EB24A-4927-489D-8B21-6AF8B922C856}"
EndProject
Global
	GlobalSection(SolutionConfigurationPlatforms) = preSolution
		Debug|Any CPU = Debug|Any CPU
		Release|Any CPU = Release|Any CPU
	EndGlobalSection
	GlobalSection(ProjectConfigurationPlatforms) = postSolution
		{BF5494F8-CDB2-4D58-A1A8-5F3176CB60C6}.Debug|Any CPU.ActiveCfg = Debug|Any CPU
		{BF5494F8-CDB2-4D58-A1A8-5F3176CB60C6}.Debug|Any CPU.Build.0 = Debug|Any CPU
		{BF5494F8-CDB2-4D58-A1A8-5F3176CB60C6}.Release|Any CPU.ActiveCfg = Release|Any CPU
		{BF5494F8-CDB2-4D58-A1A8-5F3176CB60C6}.Release|Any CPU.Build.0 = Release|Any CPU
		{824EB24A-4927-489D-8B21-6AF8B922C856}.Debug|Any CPU.ActiveCfg = Debug|Any CPU
		{824EB24A-4927-489D-8B21-6AF8B922C856}.Debug|Any CPU.Build.0 = Debug|Any CPU
		{824EB24A-4927-489D-8B21-6AF8B922C856}.Release|Any CPU.ActiveCfg = Release|Any CPU
		{824EB24A-4927-489D-8B21-6AF8B922C856}.Release|Any CPU.Build.0 = Release|Any CPU
	EndGlobalSection
	GlobalSection(SolutionProperties) = preSolution
		HideSolutionNode = FALSE
	EndGlobalSection
	GlobalSection(ExtensibilityGlobals) = postSolution
		SolutionGuid = {53835F8F-4ED6-43AB-972A-6BB5B29E66C8}
	EndGlobalSection
EndGlobal
